{
  "name": "simplenodeproject",
  "version": "1.0.0",
  "lockfileVersion": 3,
  "requires": true,
  "packages": {
    "": {
      "name": "simplenodeproject",
      "version": "1.0.0",
      "license": "ISC",
      "dependencies": {
        "redux": "^5.0.1",
        "thunk": "^0.0.1"
      }
    },
    "node_modules/pjs": {
      "version": "5.1.2",
      "resolved": "https://registry.npmjs.org/pjs/-/pjs-5.1.2.tgz",
      "integrity": "sha512-aoPrjtnYOknat/wiO5hyCkub7LymxSY1BN8gIsW49PfbdPyQiaU+UOo9DfSEhhl48cWLd28IwpERutBveLdQLA==",
      "license": "MIT"
    },
    "node_modules/redux": {
      "version": "5.0.1",
      "resolved": "https://registry.npmjs.org/redux/-/redux-5.0.1.tgz",
      "integrity": "sha512-M9/ELqF6fy8FwmkpnF0S3YKOqMyoWJ4+CS5Efg2ct3oY9daQvd/Pc71FpGZsVsbl3Cpb+IIcjBDUnnyBdQbq4w==",
      "license": "MIT"
    },
    "node_modules/thunk": {
      "version": "0.0.1",
      "resolved": "https://registry.npmjs.org/thunk/-/thunk-0.0.1.tgz",
      "integrity": "sha512-pmOMtF63oJP7v+Hka9yRmcoPVeLGZtq2S0NwAh+rE8guWEOcg27dddYsJYZSJiKg4DTs/i71eaUDEvyCuTDNrg==",
      "dependencies": {
        "pjs": "*"
      },
      "engines": {
        "node": "*"
      }
    }
  }
}
